{
  "name": "YourPartners",
  "version": "1.0.0",
  "lockfileVersion": 1,
  "requires": true,
  "dependencies": {
    "autosize": {
      "version": "4.0.2",
      "resolved": "https://registry.npmjs.org/autosize/-/autosize-4.0.2.tgz",
      "integrity": "sha512-jnSyH2d+qdfPGpWlcuhGiHmqBJ6g3X+8T+iRwFrHPLVcdoGJE/x6Qicm6aDHfTsbgZKxyV8UU/YB2p4cjKDRRA=="
    },
    "intl-tel-input": {
      "version": "17.0.18",
      "resolved": "https://registry.npmjs.org/intl-tel-input/-/intl-tel-input-17.0.18.tgz",
      "integrity": "sha512-U+ugXhOrYO/6ggIWKccsXcfAEWzjnTBLXK8c/71zvatjSPNz3TgVnXH8KhotaPh+4mBxXy4SlNOgsbXiecfPSA=="
    }
  }
}
